<?xml version="1.0" encoding="utf-8"?>
<Project ToolsVersion="4.0" xmlns="http://schemas.microsoft.com/developer/msbuild/2003">
  <ItemGroup>
    <Filter Include="Source Files">
      <UniqueIdentifier>{4FC737F1-C7A5-4376-A066-2A32D752A2FF}</UniqueIdentifier>
      <Extensions>cpp;c;cc;cxx;def;odl;idl;hpj;bat;asm;asmx</Extensions>
    </Filter>
    <Filter Include="Header Files">
      <UniqueIdentifier>{93995380-89BD-4b04-88EB-625FBE52EBFB}</UniqueIdentifier>
      <Extensions>h;hh;hpp;hxx;hm;inl;inc;xsd</Extensions>
    </Filter>
    <Filter Include="Resource Files">
      <UniqueIdentifier>{67DA6AB6-F800-4c08-8B7A-83BB121AAD01}</UniqueIdentifier>
      <Extensions>rc;ico;cur;bmp;dlg;rc2;rct;bin;rgs;gif;jpg;jpeg;jpe;resx;tiff;tif;png;wav;mfcribbon-ms</Extensions>
    </Filter>
  </ItemGroup>
  <ItemGroup>
    <ClInclude Include="svmheavy.net.h">
      <Filter>Header Files</Filter>
    </ClInclude>
    <ClInclude Include="Stdafx.h">
      <Filter>Header Files</Filter>
    </ClInclude>
    <ClInclude Include="resource.h">
      <Filter>Header Files</Filter>
    </ClInclude>
    <ClInclude Include="svmheavy2.0\kcache.h">
      <Filter>Header Files</Filter>
    </ClInclude>
    <ClInclude Include="svmheavy2.0\kernel.h">
      <Filter>Header Files</Filter>
    </ClInclude>
    <ClInclude Include="svmheavy2.0\nullstream.h">
      <Filter>Header Files</Filter>
    </ClInclude>
    <ClInclude Include="svmheavy2.0\rime.h">
      <Filter>Header Files</Filter>
    </ClInclude>
    <ClInclude Include="svmheavy2.0\svdata.h">
      <Filter>Header Files</Filter>
    </ClInclude>
    <ClInclude Include="svmheavy2.0\svflags.h">
      <Filter>Header Files</Filter>
    </ClInclude>
    <ClInclude Include="svmheavy2.0\svm_pattern.h">
      <Filter>Header Files</Filter>
    </ClInclude>
    <ClInclude Include="svmheavy2.0\svm_regress.h">
      <Filter>Header Files</Filter>
    </ClInclude>
    <ClInclude Include="svmheavy2.0\svm_thread.h">
      <Filter>Header Files</Filter>
    </ClInclude>
    <ClInclude Include="svmheavy2.0\svoptim.h">
      <Filter>Header Files</Filter>
    </ClInclude>
    <ClInclude Include="svmheavy2.0\common\c_double.h">
      <Filter>Header Files</Filter>
    </ClInclude>
    <ClInclude Include="svmheavy2.0\common\factor.h">
      <Filter>Header Files</Filter>
    </ClInclude>
    <ClInclude Include="svmheavy2.0\common\friends.h">
      <Filter>Header Files</Filter>
    </ClInclude>
    <ClInclude Include="svmheavy2.0\common\levicivita.h">
      <Filter>Header Files</Filter>
    </ClInclude>
    <ClInclude Include="svmheavy2.0\common\matrix.h">
      <Filter>Header Files</Filter>
    </ClInclude>
    <ClInclude Include="svmheavy2.0\common\outfilt.h">
      <Filter>Header Files</Filter>
    </ClInclude>
    <ClInclude Include="svmheavy2.0\common\rime.h">
      <Filter>Header Files</Filter>
    </ClInclude>
    <ClInclude Include="svmheavy2.0\common\search.h">
      <Filter>Header Files</Filter>
    </ClInclude>
    <ClInclude Include="svmheavy2.0\common\sparsevector.h">
      <Filter>Header Files</Filter>
    </ClInclude>
    <ClInclude Include="svmheavy2.0\common\svdefs.h">
      <Filter>Header Files</Filter>
    </ClInclude>
    <ClInclude Include="svmheavy2.0\common\vector.h">
      <Filter>Header Files</Filter>
    </ClInclude>
  </ItemGroup>
  <ItemGroup>
    <ClCompile Include="svmheavy.net.cpp">
      <Filter>Source Files</Filter>
    </ClCompile>
    <ClCompile Include="AssemblyInfo.cpp">
      <Filter>Source Files</Filter>
    </ClCompile>
    <ClCompile Include="Stdafx.cpp">
      <Filter>Source Files</Filter>
    </ClCompile>
    <ClCompile Include="svmheavy2.0\kcache.cc">
      <Filter>Source Files</Filter>
    </ClCompile>
    <ClCompile Include="svmheavy2.0\kernel.cc">
      <Filter>Source Files</Filter>
    </ClCompile>
    <ClCompile Include="svmheavy2.0\svdata.cc">
      <Filter>Source Files</Filter>
    </ClCompile>
    <ClCompile Include="svmheavy2.0\svm_pattern.cc">
      <Filter>Source Files</Filter>
    </ClCompile>
    <ClCompile Include="svmheavy2.0\svm_regress.cc">
      <Filter>Source Files</Filter>
    </ClCompile>
    <ClCompile Include="svmheavy2.0\svm_thread.cc">
      <Filter>Source Files</Filter>
    </ClCompile>
    <ClCompile Include="svmheavy2.0\svmheavy.cc">
      <Filter>Source Files</Filter>
    </ClCompile>
    <ClCompile Include="svmheavy2.0\svmkernel.cc">
      <Filter>Source Files</Filter>
    </ClCompile>
    <ClCompile Include="svmheavy2.0\svoptim.cc">
      <Filter>Source Files</Filter>
    </ClCompile>
    <ClCompile Include="svmheavy2.0\common\c_double.cc">
      <Filter>Source Files</Filter>
    </ClCompile>
    <ClCompile Include="svmheavy2.0\common\factor.cc">
      <Filter>Source Files</Filter>
    </ClCompile>
    <ClCompile Include="svmheavy2.0\common\levicivita.cc">
      <Filter>Source Files</Filter>
    </ClCompile>
    <ClCompile Include="svmheavy2.0\common\matrix.cc">
      <Filter>Source Files</Filter>
    </ClCompile>
    <ClCompile Include="svmheavy2.0\common\outfilt.cc">
      <Filter>Source Files</Filter>
    </ClCompile>
    <ClCompile Include="svmheavy2.0\common\search.cc">
      <Filter>Source Files</Filter>
    </ClCompile>
    <ClCompile Include="svmheavy2.0\common\sparsevector.cc">
      <Filter>Source Files</Filter>
    </ClCompile>
    <ClCompile Include="svmheavy2.0\common\vector.cc">
      <Filter>Source Files</Filter>
    </ClCompile>
  </ItemGroup>
  <ItemGroup>
    <Text Include="ReadMe.txt" />
  </ItemGroup>
  <ItemGroup>
    <ResourceCompile Include="app.rc">
      <Filter>Resource Files</Filter>
    </ResourceCompile>
  </ItemGroup>
  <ItemGroup>
    <Image Include="app.ico">
      <Filter>Resource Files</Filter>
    </Image>
  </ItemGroup>
  <ItemGroup>
    <None Include="svmheavy2.0\COPYING" />
    <None Include="svmheavy2.0\makefile.djgpp" />
    <None Include="svmheavy2.0\makefile.unix" />
    <None Include="svmheavy2.0\MANUAL" />
    <None Include="svmheavy2.0\README" />
    <None Include="svmheavy2.0\README.md" />
  </ItemGroup>
</Project>