<?xml version="1.0" encoding="utf-8"?>
<Project ToolsVersion="4.0" xmlns="http://schemas.microsoft.com/developer/msbuild/2003">
  <ItemGroup>
    <Filter Include="Source Files">
      <UniqueIdentifier>{4FC737F1-C7A5-4376-A066-2A32D752A2FF}</UniqueIdentifier>
      <Extensions>cpp;c;cc;cxx;def;odl;idl;hpj;bat;asm;asmx</Extensions>
    </Filter>
    <Filter Include="Header Files">
      <UniqueIdentifier>{93995380-89BD-4b04-88EB-625FBE52EBFB}</UniqueIdentifier>
      <Extensions>h;hh;hpp;hxx;hm;inl;inc;xsd</Extensions>
    </Filter>
    <Filter Include="Resource Files">
      <UniqueIdentifier>{67DA6AB6-F800-4c08-8B7A-83BB121AAD01}</UniqueIdentifier>
      <Extensions>rc;ico;cur;bmp;dlg;rc2;rct;bin;rgs;gif;jpg;jpeg;jpe;resx;tiff;tif;png;wav;mfcribbon-ms</Extensions>
    </Filter>
  </ItemGroup>
  <ItemGroup>
    <ClInclude Include="gsl.net.h">
      <Filter>Header Files</Filter>
    </ClInclude>
    <ClInclude Include="Stdafx.h">
      <Filter>Header Files</Filter>
    </ClInclude>
    <ClInclude Include="resource.h">
      <Filter>Header Files</Filter>
    </ClInclude>
    <ClInclude Include="..\lib\gsl\acconfig.h">
      <Filter>Header Files</Filter>
    </ClInclude>
    <ClInclude Include="..\lib\gsl\gsl_machine.h">
      <Filter>Header Files</Filter>
    </ClInclude>
    <ClInclude Include="..\lib\gsl\gsl_math.h">
      <Filter>Header Files</Filter>
    </ClInclude>
    <ClInclude Include="..\lib\gsl\gsl_mode.h">
      <Filter>Header Files</Filter>
    </ClInclude>
    <ClInclude Include="..\lib\gsl\gsl_nan.h">
      <Filter>Header Files</Filter>
    </ClInclude>
    <ClInclude Include="..\lib\gsl\gsl_pow_int.h">
      <Filter>Header Files</Filter>
    </ClInclude>
    <ClInclude Include="..\lib\gsl\gsl_precision.h">
      <Filter>Header Files</Filter>
    </ClInclude>
    <ClInclude Include="..\lib\gsl\gsl_types.h">
      <Filter>Header Files</Filter>
    </ClInclude>
    <ClInclude Include="..\lib\gsl\gsl_version.h">
      <Filter>Header Files</Filter>
    </ClInclude>
    <ClInclude Include="..\lib\gsl\templates_off.h">
      <Filter>Header Files</Filter>
    </ClInclude>
    <ClInclude Include="..\lib\gsl\templates_on.h">
      <Filter>Header Files</Filter>
    </ClInclude>
  </ItemGroup>
  <ItemGroup>
    <ClCompile Include="gsl.net.cpp">
      <Filter>Source Files</Filter>
    </ClCompile>
    <ClCompile Include="AssemblyInfo.cpp">
      <Filter>Source Files</Filter>
    </ClCompile>
    <ClCompile Include="Stdafx.cpp">
      <Filter>Source Files</Filter>
    </ClCompile>
    <ClCompile Include="..\lib\gsl\gsl-histogram.c">
      <Filter>Source Files</Filter>
    </ClCompile>
    <ClCompile Include="..\lib\gsl\gsl-randist.c">
      <Filter>Source Files</Filter>
    </ClCompile>
    <ClCompile Include="..\lib\gsl\version.c">
      <Filter>Source Files</Filter>
    </ClCompile>
  </ItemGroup>
  <ItemGroup>
    <Text Include="ReadMe.txt" />
  </ItemGroup>
  <ItemGroup>
    <ResourceCompile Include="app.rc">
      <Filter>Resource Files</Filter>
    </ResourceCompile>
  </ItemGroup>
  <ItemGroup>
    <Image Include="app.ico">
      <Filter>Resource Files</Filter>
    </Image>
  </ItemGroup>
  <ItemGroup>
    <None Include="..\lib\gsl\aclocal.m4" />
    <None Include="..\lib\gsl\AUTHORS" />
    <None Include="..\lib\gsl\autogen.sh" />
    <None Include="..\lib\gsl\BUGS" />
    <None Include="..\lib\gsl\ChangeLog" />
    <None Include="..\lib\gsl\config.guess" />
    <None Include="..\lib\gsl\config.h.in" />
    <None Include="..\lib\gsl\config.sub" />
    <None Include="..\lib\gsl\configure" />
    <None Include="..\lib\gsl\configure.ac" />
    <None Include="..\lib\gsl\COPYING" />
    <None Include="..\lib\gsl\gsl.m4" />
    <None Include="..\lib\gsl\gsl.pc.in" />
    <None Include="..\lib\gsl\gsl.spec.in" />
    <None Include="..\lib\gsl\gsl_version.h.in" />
    <None Include="..\lib\gsl\gsl-config.in" />
    <None Include="..\lib\gsl\INSTALL" />
    <None Include="..\lib\gsl\install-sh" />
    <None Include="..\lib\gsl\ltmain.sh" />
    <None Include="..\lib\gsl\Makefile.am" />
    <None Include="..\lib\gsl\Makefile.in" />
    <None Include="..\lib\gsl\mdate-sh" />
    <None Include="..\lib\gsl\missing" />
    <None Include="..\lib\gsl\mkinstalldirs" />
    <None Include="..\lib\gsl\NEWS" />
    <None Include="..\lib\gsl\README" />
    <None Include="..\lib\gsl\SUPPORT" />
    <None Include="..\lib\gsl\test_gsl_histogram.sh" />
    <None Include="..\lib\gsl\THANKS" />
    <None Include="..\lib\gsl\TODO" />
  </ItemGroup>
</Project>