<?xml version="1.0" encoding="utf-8"?>
<Project ToolsVersion="4.0" xmlns="http://schemas.microsoft.com/developer/msbuild/2003">
  <ItemGroup>
    <Filter Include="Source Files">
      <UniqueIdentifier>{4FC737F1-C7A5-4376-A066-2A32D752A2FF}</UniqueIdentifier>
      <Extensions>cpp;c;cc;cxx;def;odl;idl;hpj;bat;asm;asmx</Extensions>
    </Filter>
    <Filter Include="Header Files">
      <UniqueIdentifier>{93995380-89BD-4b04-88EB-625FBE52EBFB}</UniqueIdentifier>
      <Extensions>h;hh;hpp;hxx;hm;inl;inc;xsd</Extensions>
    </Filter>
    <Filter Include="Resource Files">
      <UniqueIdentifier>{67DA6AB6-F800-4c08-8B7A-83BB121AAD01}</UniqueIdentifier>
      <Extensions>rc;ico;cur;bmp;dlg;rc2;rct;bin;rgs;gif;jpg;jpeg;jpe;resx;tiff;tif;png;wav;mfcribbon-ms</Extensions>
    </Filter>
  </ItemGroup>
  <ItemGroup>
    <ClInclude Include="Stdafx.h">
      <Filter>Header Files</Filter>
    </ClInclude>
    <ClInclude Include="resource.h">
      <Filter>Header Files</Filter>
    </ClInclude>
    <ClInclude Include="..\lib\gsl\acconfig.h">
      <Filter>Header Files</Filter>
    </ClInclude>
    <ClInclude Include="..\lib\gsl\gsl_machine.h">
      <Filter>Header Files</Filter>
    </ClInclude>
    <ClInclude Include="..\lib\gsl\gsl_math.h">
      <Filter>Header Files</Filter>
    </ClInclude>
    <ClInclude Include="..\lib\gsl\gsl_mode.h">
      <Filter>Header Files</Filter>
    </ClInclude>
    <ClInclude Include="..\lib\gsl\gsl_nan.h">
      <Filter>Header Files</Filter>
    </ClInclude>
    <ClInclude Include="..\lib\gsl\gsl_pow_int.h">
      <Filter>Header Files</Filter>
    </ClInclude>
    <ClInclude Include="..\lib\gsl\gsl_precision.h">
      <Filter>Header Files</Filter>
    </ClInclude>
    <ClInclude Include="..\lib\gsl\gsl_types.h">
      <Filter>Header Files</Filter>
    </ClInclude>
    <ClInclude Include="..\lib\gsl\gsl_version.h">
      <Filter>Header Files</Filter>
    </ClInclude>
    <ClInclude Include="..\lib\gsl\templates_off.h">
      <Filter>Header Files</Filter>
    </ClInclude>
    <ClInclude Include="..\lib\gsl\templates_on.h">
      <Filter>Header Files</Filter>
    </ClInclude>
    <ClInclude Include="..\lib\gsl\vector\gsl_vector.h">
      <Filter>Header Files</Filter>
    </ClInclude>
    <ClInclude Include="..\lib\gsl\vector\gsl_vector_char.h">
      <Filter>Header Files</Filter>
    </ClInclude>
    <ClInclude Include="..\lib\gsl\vector\gsl_vector_complex.h">
      <Filter>Header Files</Filter>
    </ClInclude>
    <ClInclude Include="..\lib\gsl\vector\gsl_vector_complex_double.h">
      <Filter>Header Files</Filter>
    </ClInclude>
    <ClInclude Include="..\lib\gsl\vector\gsl_vector_complex_float.h">
      <Filter>Header Files</Filter>
    </ClInclude>
    <ClInclude Include="..\lib\gsl\vector\gsl_vector_complex_long_double.h">
      <Filter>Header Files</Filter>
    </ClInclude>
    <ClInclude Include="..\lib\gsl\vector\gsl_vector_double.h">
      <Filter>Header Files</Filter>
    </ClInclude>
    <ClInclude Include="..\lib\gsl\vector\gsl_vector_float.h">
      <Filter>Header Files</Filter>
    </ClInclude>
    <ClInclude Include="..\lib\gsl\vector\gsl_vector_int.h">
      <Filter>Header Files</Filter>
    </ClInclude>
    <ClInclude Include="..\lib\gsl\vector\gsl_vector_long.h">
      <Filter>Header Files</Filter>
    </ClInclude>
    <ClInclude Include="..\lib\gsl\vector\gsl_vector_long_double.h">
      <Filter>Header Files</Filter>
    </ClInclude>
    <ClInclude Include="..\lib\gsl\vector\gsl_vector_short.h">
      <Filter>Header Files</Filter>
    </ClInclude>
    <ClInclude Include="..\lib\gsl\vector\gsl_vector_uchar.h">
      <Filter>Header Files</Filter>
    </ClInclude>
    <ClInclude Include="..\lib\gsl\vector\gsl_vector_uint.h">
      <Filter>Header Files</Filter>
    </ClInclude>
    <ClInclude Include="..\lib\gsl\vector\gsl_vector_ulong.h">
      <Filter>Header Files</Filter>
    </ClInclude>
    <ClInclude Include="..\lib\gsl\vector\gsl_vector_ushort.h">
      <Filter>Header Files</Filter>
    </ClInclude>
    <ClInclude Include="..\lib\gsl\vector\view.h">
      <Filter>Header Files</Filter>
    </ClInclude>
    <ClInclude Include="..\lib\gsl\err\gsl_errno.h">
      <Filter>Header Files</Filter>
    </ClInclude>
    <ClInclude Include="..\lib\gsl\err\gsl_message.h">
      <Filter>Header Files</Filter>
    </ClInclude>
    <ClInclude Include="..\lib\gsl\block\gsl_block.h">
      <Filter>Header Files</Filter>
    </ClInclude>
    <ClInclude Include="..\lib\gsl\block\gsl_block_char.h">
      <Filter>Header Files</Filter>
    </ClInclude>
    <ClInclude Include="..\lib\gsl\block\gsl_block_complex_double.h">
      <Filter>Header Files</Filter>
    </ClInclude>
    <ClInclude Include="..\lib\gsl\block\gsl_block_complex_float.h">
      <Filter>Header Files</Filter>
    </ClInclude>
    <ClInclude Include="..\lib\gsl\block\gsl_block_complex_long_double.h">
      <Filter>Header Files</Filter>
    </ClInclude>
    <ClInclude Include="..\lib\gsl\block\gsl_block_double.h">
      <Filter>Header Files</Filter>
    </ClInclude>
    <ClInclude Include="..\lib\gsl\block\gsl_block_float.h">
      <Filter>Header Files</Filter>
    </ClInclude>
    <ClInclude Include="..\lib\gsl\block\gsl_block_int.h">
      <Filter>Header Files</Filter>
    </ClInclude>
    <ClInclude Include="..\lib\gsl\block\gsl_block_long.h">
      <Filter>Header Files</Filter>
    </ClInclude>
    <ClInclude Include="..\lib\gsl\block\gsl_block_long_double.h">
      <Filter>Header Files</Filter>
    </ClInclude>
    <ClInclude Include="..\lib\gsl\block\gsl_block_short.h">
      <Filter>Header Files</Filter>
    </ClInclude>
    <ClInclude Include="..\lib\gsl\block\gsl_block_uchar.h">
      <Filter>Header Files</Filter>
    </ClInclude>
    <ClInclude Include="..\lib\gsl\block\gsl_block_uint.h">
      <Filter>Header Files</Filter>
    </ClInclude>
    <ClInclude Include="..\lib\gsl\block\gsl_block_ulong.h">
      <Filter>Header Files</Filter>
    </ClInclude>
    <ClInclude Include="..\lib\gsl\block\gsl_block_ushort.h">
      <Filter>Header Files</Filter>
    </ClInclude>
    <ClInclude Include="..\lib\gsl\block\gsl_check_range.h">
      <Filter>Header Files</Filter>
    </ClInclude>
    <ClInclude Include="..\lib\gsl\sys\gsl_sys.h">
      <Filter>Header Files</Filter>
    </ClInclude>
    <ClInclude Include="..\lib\gsl\specfunc\bessel.h">
      <Filter>Header Files</Filter>
    </ClInclude>
    <ClInclude Include="..\lib\gsl\specfunc\bessel_amp_phase.h">
      <Filter>Header Files</Filter>
    </ClInclude>
    <ClInclude Include="..\lib\gsl\specfunc\bessel_olver.h">
      <Filter>Header Files</Filter>
    </ClInclude>
    <ClInclude Include="..\lib\gsl\specfunc\bessel_temme.h">
      <Filter>Header Files</Filter>
    </ClInclude>
    <ClInclude Include="..\lib\gsl\specfunc\chebyshev.h">
      <Filter>Header Files</Filter>
    </ClInclude>
    <ClInclude Include="..\lib\gsl\specfunc\check.h">
      <Filter>Header Files</Filter>
    </ClInclude>
    <ClInclude Include="..\lib\gsl\specfunc\error.h">
      <Filter>Header Files</Filter>
    </ClInclude>
    <ClInclude Include="..\lib\gsl\specfunc\eval.h">
      <Filter>Header Files</Filter>
    </ClInclude>
    <ClInclude Include="..\lib\gsl\specfunc\gsl_sf.h">
      <Filter>Header Files</Filter>
    </ClInclude>
    <ClInclude Include="..\lib\gsl\specfunc\gsl_sf_airy.h">
      <Filter>Header Files</Filter>
    </ClInclude>
    <ClInclude Include="..\lib\gsl\specfunc\gsl_sf_bessel.h">
      <Filter>Header Files</Filter>
    </ClInclude>
    <ClInclude Include="..\lib\gsl\specfunc\gsl_sf_clausen.h">
      <Filter>Header Files</Filter>
    </ClInclude>
    <ClInclude Include="..\lib\gsl\specfunc\gsl_sf_coulomb.h">
      <Filter>Header Files</Filter>
    </ClInclude>
    <ClInclude Include="..\lib\gsl\specfunc\gsl_sf_coupling.h">
      <Filter>Header Files</Filter>
    </ClInclude>
    <ClInclude Include="..\lib\gsl\specfunc\gsl_sf_dawson.h">
      <Filter>Header Files</Filter>
    </ClInclude>
    <ClInclude Include="..\lib\gsl\specfunc\gsl_sf_debye.h">
      <Filter>Header Files</Filter>
    </ClInclude>
    <ClInclude Include="..\lib\gsl\specfunc\gsl_sf_dilog.h">
      <Filter>Header Files</Filter>
    </ClInclude>
    <ClInclude Include="..\lib\gsl\specfunc\gsl_sf_elementary.h">
      <Filter>Header Files</Filter>
    </ClInclude>
    <ClInclude Include="..\lib\gsl\specfunc\gsl_sf_ellint.h">
      <Filter>Header Files</Filter>
    </ClInclude>
    <ClInclude Include="..\lib\gsl\specfunc\gsl_sf_elljac.h">
      <Filter>Header Files</Filter>
    </ClInclude>
    <ClInclude Include="..\lib\gsl\specfunc\gsl_sf_erf.h">
      <Filter>Header Files</Filter>
    </ClInclude>
    <ClInclude Include="..\lib\gsl\specfunc\gsl_sf_exp.h">
      <Filter>Header Files</Filter>
    </ClInclude>
    <ClInclude Include="..\lib\gsl\specfunc\gsl_sf_expint.h">
      <Filter>Header Files</Filter>
    </ClInclude>
    <ClInclude Include="..\lib\gsl\specfunc\gsl_sf_fermi_dirac.h">
      <Filter>Header Files</Filter>
    </ClInclude>
    <ClInclude Include="..\lib\gsl\specfunc\gsl_sf_gamma.h">
      <Filter>Header Files</Filter>
    </ClInclude>
    <ClInclude Include="..\lib\gsl\specfunc\gsl_sf_gegenbauer.h">
      <Filter>Header Files</Filter>
    </ClInclude>
    <ClInclude Include="..\lib\gsl\specfunc\gsl_sf_hyperg.h">
      <Filter>Header Files</Filter>
    </ClInclude>
    <ClInclude Include="..\lib\gsl\specfunc\gsl_sf_laguerre.h">
      <Filter>Header Files</Filter>
    </ClInclude>
    <ClInclude Include="..\lib\gsl\specfunc\gsl_sf_lambert.h">
      <Filter>Header Files</Filter>
    </ClInclude>
    <ClInclude Include="..\lib\gsl\specfunc\gsl_sf_legendre.h">
      <Filter>Header Files</Filter>
    </ClInclude>
    <ClInclude Include="..\lib\gsl\specfunc\gsl_sf_log.h">
      <Filter>Header Files</Filter>
    </ClInclude>
    <ClInclude Include="..\lib\gsl\specfunc\gsl_sf_mathieu.h">
      <Filter>Header Files</Filter>
    </ClInclude>
    <ClInclude Include="..\lib\gsl\specfunc\gsl_sf_pow_int.h">
      <Filter>Header Files</Filter>
    </ClInclude>
    <ClInclude Include="..\lib\gsl\specfunc\gsl_sf_psi.h">
      <Filter>Header Files</Filter>
    </ClInclude>
    <ClInclude Include="..\lib\gsl\specfunc\gsl_sf_result.h">
      <Filter>Header Files</Filter>
    </ClInclude>
    <ClInclude Include="..\lib\gsl\specfunc\gsl_sf_synchrotron.h">
      <Filter>Header Files</Filter>
    </ClInclude>
    <ClInclude Include="..\lib\gsl\specfunc\gsl_sf_transport.h">
      <Filter>Header Files</Filter>
    </ClInclude>
    <ClInclude Include="..\lib\gsl\specfunc\gsl_sf_trig.h">
      <Filter>Header Files</Filter>
    </ClInclude>
    <ClInclude Include="..\lib\gsl\specfunc\gsl_sf_zeta.h">
      <Filter>Header Files</Filter>
    </ClInclude>
    <ClInclude Include="..\lib\gsl\specfunc\gsl_specfunc.h">
      <Filter>Header Files</Filter>
    </ClInclude>
    <ClInclude Include="..\lib\gsl\specfunc\hyperg.h">
      <Filter>Header Files</Filter>
    </ClInclude>
    <ClInclude Include="..\lib\gsl\specfunc\legendre.h">
      <Filter>Header Files</Filter>
    </ClInclude>
    <ClInclude Include="..\lib\gsl\specfunc\recurse.h">
      <Filter>Header Files</Filter>
    </ClInclude>
    <ClInclude Include="..\lib\gsl\specfunc\test_sf.h">
      <Filter>Header Files</Filter>
    </ClInclude>
    <ClInclude Include="..\lib\gsl\complex\gsl_complex.h">
      <Filter>Header Files</Filter>
    </ClInclude>
    <ClInclude Include="..\lib\gsl\complex\gsl_complex_math.h">
      <Filter>Header Files</Filter>
    </ClInclude>
    <ClInclude Include="..\lib\gsl\complex\results.h">
      <Filter>Header Files</Filter>
    </ClInclude>
    <ClInclude Include="..\lib\gsl\complex\results_real.h">
      <Filter>Header Files</Filter>
    </ClInclude>
    <ClInclude Include="..\lib\gsl\complex\results1.h">
      <Filter>Header Files</Filter>
    </ClInclude>
    <ClInclude Include="..\lib\gsl\eigen\gsl_eigen.h">
      <Filter>Header Files</Filter>
    </ClInclude>
    <ClInclude Include="..\lib\gsl\eigen\schur.h">
      <Filter>Header Files</Filter>
    </ClInclude>
    <ClInclude Include="..\lib\gsl\poly\gsl_poly.h">
      <Filter>Header Files</Filter>
    </ClInclude>
    <ClInclude Include="..\lib\gsl\linalg\gsl_linalg.h">
      <Filter>Header Files</Filter>
    </ClInclude>
    <ClInclude Include="..\lib\gsl\linalg\tridiag.h">
      <Filter>Header Files</Filter>
    </ClInclude>
    <ClInclude Include="..\lib\gsl\blas\gsl_blas.h">
      <Filter>Header Files</Filter>
    </ClInclude>
    <ClInclude Include="..\lib\gsl\blas\gsl_blas_types.h">
      <Filter>Header Files</Filter>
    </ClInclude>
    <ClInclude Include="..\lib\gsl\matrix\gsl_matrix.h">
      <Filter>Header Files</Filter>
    </ClInclude>
    <ClInclude Include="..\lib\gsl\matrix\gsl_matrix_char.h">
      <Filter>Header Files</Filter>
    </ClInclude>
    <ClInclude Include="..\lib\gsl\matrix\gsl_matrix_complex_double.h">
      <Filter>Header Files</Filter>
    </ClInclude>
    <ClInclude Include="..\lib\gsl\matrix\gsl_matrix_complex_float.h">
      <Filter>Header Files</Filter>
    </ClInclude>
    <ClInclude Include="..\lib\gsl\matrix\gsl_matrix_complex_long_double.h">
      <Filter>Header Files</Filter>
    </ClInclude>
    <ClInclude Include="..\lib\gsl\matrix\gsl_matrix_double.h">
      <Filter>Header Files</Filter>
    </ClInclude>
    <ClInclude Include="..\lib\gsl\matrix\gsl_matrix_float.h">
      <Filter>Header Files</Filter>
    </ClInclude>
    <ClInclude Include="..\lib\gsl\matrix\gsl_matrix_int.h">
      <Filter>Header Files</Filter>
    </ClInclude>
    <ClInclude Include="..\lib\gsl\matrix\gsl_matrix_long.h">
      <Filter>Header Files</Filter>
    </ClInclude>
    <ClInclude Include="..\lib\gsl\matrix\gsl_matrix_long_double.h">
      <Filter>Header Files</Filter>
    </ClInclude>
    <ClInclude Include="..\lib\gsl\matrix\gsl_matrix_short.h">
      <Filter>Header Files</Filter>
    </ClInclude>
    <ClInclude Include="..\lib\gsl\matrix\gsl_matrix_uchar.h">
      <Filter>Header Files</Filter>
    </ClInclude>
    <ClInclude Include="..\lib\gsl\matrix\gsl_matrix_uint.h">
      <Filter>Header Files</Filter>
    </ClInclude>
    <ClInclude Include="..\lib\gsl\matrix\gsl_matrix_ulong.h">
      <Filter>Header Files</Filter>
    </ClInclude>
    <ClInclude Include="..\lib\gsl\matrix\gsl_matrix_ushort.h">
      <Filter>Header Files</Filter>
    </ClInclude>
    <ClInclude Include="..\lib\gsl\matrix\view.h">
      <Filter>Header Files</Filter>
    </ClInclude>
    <ClInclude Include="..\lib\gsl\cblas\cblas.h">
      <Filter>Header Files</Filter>
    </ClInclude>
    <ClInclude Include="..\lib\gsl\cblas\gsl_cblas.h">
      <Filter>Header Files</Filter>
    </ClInclude>
    <ClInclude Include="..\lib\gsl\cblas\source_asum_c.h">
      <Filter>Header Files</Filter>
    </ClInclude>
    <ClInclude Include="..\lib\gsl\cblas\source_asum_r.h">
      <Filter>Header Files</Filter>
    </ClInclude>
    <ClInclude Include="..\lib\gsl\cblas\source_axpy_c.h">
      <Filter>Header Files</Filter>
    </ClInclude>
    <ClInclude Include="..\lib\gsl\cblas\source_axpy_r.h">
      <Filter>Header Files</Filter>
    </ClInclude>
    <ClInclude Include="..\lib\gsl\cblas\source_copy_c.h">
      <Filter>Header Files</Filter>
    </ClInclude>
    <ClInclude Include="..\lib\gsl\cblas\source_copy_r.h">
      <Filter>Header Files</Filter>
    </ClInclude>
    <ClInclude Include="..\lib\gsl\cblas\source_dot_c.h">
      <Filter>Header Files</Filter>
    </ClInclude>
    <ClInclude Include="..\lib\gsl\cblas\source_dot_r.h">
      <Filter>Header Files</Filter>
    </ClInclude>
    <ClInclude Include="..\lib\gsl\cblas\source_gbmv_c.h">
      <Filter>Header Files</Filter>
    </ClInclude>
    <ClInclude Include="..\lib\gsl\cblas\source_gbmv_r.h">
      <Filter>Header Files</Filter>
    </ClInclude>
    <ClInclude Include="..\lib\gsl\cblas\source_gemm_c.h">
      <Filter>Header Files</Filter>
    </ClInclude>
    <ClInclude Include="..\lib\gsl\cblas\source_gemm_r.h">
      <Filter>Header Files</Filter>
    </ClInclude>
    <ClInclude Include="..\lib\gsl\cblas\source_gemv_c.h">
      <Filter>Header Files</Filter>
    </ClInclude>
    <ClInclude Include="..\lib\gsl\cblas\source_gemv_r.h">
      <Filter>Header Files</Filter>
    </ClInclude>
    <ClInclude Include="..\lib\gsl\cblas\source_ger.h">
      <Filter>Header Files</Filter>
    </ClInclude>
    <ClInclude Include="..\lib\gsl\cblas\source_gerc.h">
      <Filter>Header Files</Filter>
    </ClInclude>
    <ClInclude Include="..\lib\gsl\cblas\source_geru.h">
      <Filter>Header Files</Filter>
    </ClInclude>
    <ClInclude Include="..\lib\gsl\cblas\source_hbmv.h">
      <Filter>Header Files</Filter>
    </ClInclude>
    <ClInclude Include="..\lib\gsl\cblas\source_hemm.h">
      <Filter>Header Files</Filter>
    </ClInclude>
    <ClInclude Include="..\lib\gsl\cblas\source_hemv.h">
      <Filter>Header Files</Filter>
    </ClInclude>
    <ClInclude Include="..\lib\gsl\cblas\source_her.h">
      <Filter>Header Files</Filter>
    </ClInclude>
    <ClInclude Include="..\lib\gsl\cblas\source_her2.h">
      <Filter>Header Files</Filter>
    </ClInclude>
    <ClInclude Include="..\lib\gsl\cblas\source_her2k.h">
      <Filter>Header Files</Filter>
    </ClInclude>
    <ClInclude Include="..\lib\gsl\cblas\source_herk.h">
      <Filter>Header Files</Filter>
    </ClInclude>
    <ClInclude Include="..\lib\gsl\cblas\source_hpmv.h">
      <Filter>Header Files</Filter>
    </ClInclude>
    <ClInclude Include="..\lib\gsl\cblas\source_hpr.h">
      <Filter>Header Files</Filter>
    </ClInclude>
    <ClInclude Include="..\lib\gsl\cblas\source_hpr2.h">
      <Filter>Header Files</Filter>
    </ClInclude>
    <ClInclude Include="..\lib\gsl\cblas\source_iamax_c.h">
      <Filter>Header Files</Filter>
    </ClInclude>
    <ClInclude Include="..\lib\gsl\cblas\source_iamax_r.h">
      <Filter>Header Files</Filter>
    </ClInclude>
    <ClInclude Include="..\lib\gsl\cblas\source_nrm2_c.h">
      <Filter>Header Files</Filter>
    </ClInclude>
    <ClInclude Include="..\lib\gsl\cblas\source_nrm2_r.h">
      <Filter>Header Files</Filter>
    </ClInclude>
    <ClInclude Include="..\lib\gsl\cblas\source_rot.h">
      <Filter>Header Files</Filter>
    </ClInclude>
    <ClInclude Include="..\lib\gsl\cblas\source_rotg.h">
      <Filter>Header Files</Filter>
    </ClInclude>
    <ClInclude Include="..\lib\gsl\cblas\source_rotm.h">
      <Filter>Header Files</Filter>
    </ClInclude>
    <ClInclude Include="..\lib\gsl\cblas\source_rotmg.h">
      <Filter>Header Files</Filter>
    </ClInclude>
    <ClInclude Include="..\lib\gsl\cblas\source_sbmv.h">
      <Filter>Header Files</Filter>
    </ClInclude>
    <ClInclude Include="..\lib\gsl\cblas\source_scal_c.h">
      <Filter>Header Files</Filter>
    </ClInclude>
    <ClInclude Include="..\lib\gsl\cblas\source_scal_c_s.h">
      <Filter>Header Files</Filter>
    </ClInclude>
    <ClInclude Include="..\lib\gsl\cblas\source_scal_r.h">
      <Filter>Header Files</Filter>
    </ClInclude>
    <ClInclude Include="..\lib\gsl\cblas\source_spmv.h">
      <Filter>Header Files</Filter>
    </ClInclude>
    <ClInclude Include="..\lib\gsl\cblas\source_spr.h">
      <Filter>Header Files</Filter>
    </ClInclude>
    <ClInclude Include="..\lib\gsl\cblas\source_spr2.h">
      <Filter>Header Files</Filter>
    </ClInclude>
    <ClInclude Include="..\lib\gsl\cblas\source_swap_c.h">
      <Filter>Header Files</Filter>
    </ClInclude>
    <ClInclude Include="..\lib\gsl\cblas\source_swap_r.h">
      <Filter>Header Files</Filter>
    </ClInclude>
    <ClInclude Include="..\lib\gsl\cblas\source_symm_c.h">
      <Filter>Header Files</Filter>
    </ClInclude>
    <ClInclude Include="..\lib\gsl\cblas\source_symm_r.h">
      <Filter>Header Files</Filter>
    </ClInclude>
    <ClInclude Include="..\lib\gsl\cblas\source_symv.h">
      <Filter>Header Files</Filter>
    </ClInclude>
    <ClInclude Include="..\lib\gsl\cblas\source_syr.h">
      <Filter>Header Files</Filter>
    </ClInclude>
    <ClInclude Include="..\lib\gsl\cblas\source_syr2.h">
      <Filter>Header Files</Filter>
    </ClInclude>
    <ClInclude Include="..\lib\gsl\cblas\source_syr2k_c.h">
      <Filter>Header Files</Filter>
    </ClInclude>
    <ClInclude Include="..\lib\gsl\cblas\source_syr2k_r.h">
      <Filter>Header Files</Filter>
    </ClInclude>
    <ClInclude Include="..\lib\gsl\cblas\source_syrk_c.h">
      <Filter>Header Files</Filter>
    </ClInclude>
    <ClInclude Include="..\lib\gsl\cblas\source_syrk_r.h">
      <Filter>Header Files</Filter>
    </ClInclude>
    <ClInclude Include="..\lib\gsl\cblas\source_tbmv_c.h">
      <Filter>Header Files</Filter>
    </ClInclude>
    <ClInclude Include="..\lib\gsl\cblas\source_tbmv_r.h">
      <Filter>Header Files</Filter>
    </ClInclude>
    <ClInclude Include="..\lib\gsl\cblas\source_tbsv_c.h">
      <Filter>Header Files</Filter>
    </ClInclude>
    <ClInclude Include="..\lib\gsl\cblas\source_tbsv_r.h">
      <Filter>Header Files</Filter>
    </ClInclude>
    <ClInclude Include="..\lib\gsl\cblas\source_tpmv_c.h">
      <Filter>Header Files</Filter>
    </ClInclude>
    <ClInclude Include="..\lib\gsl\cblas\source_tpmv_r.h">
      <Filter>Header Files</Filter>
    </ClInclude>
    <ClInclude Include="..\lib\gsl\cblas\source_tpsv_c.h">
      <Filter>Header Files</Filter>
    </ClInclude>
    <ClInclude Include="..\lib\gsl\cblas\source_tpsv_r.h">
      <Filter>Header Files</Filter>
    </ClInclude>
    <ClInclude Include="..\lib\gsl\cblas\source_trmm_c.h">
      <Filter>Header Files</Filter>
    </ClInclude>
    <ClInclude Include="..\lib\gsl\cblas\source_trmm_r.h">
      <Filter>Header Files</Filter>
    </ClInclude>
    <ClInclude Include="..\lib\gsl\cblas\source_trmv_c.h">
      <Filter>Header Files</Filter>
    </ClInclude>
    <ClInclude Include="..\lib\gsl\cblas\source_trmv_r.h">
      <Filter>Header Files</Filter>
    </ClInclude>
    <ClInclude Include="..\lib\gsl\cblas\source_trsm_c.h">
      <Filter>Header Files</Filter>
    </ClInclude>
    <ClInclude Include="..\lib\gsl\cblas\source_trsm_r.h">
      <Filter>Header Files</Filter>
    </ClInclude>
    <ClInclude Include="..\lib\gsl\cblas\source_trsv_c.h">
      <Filter>Header Files</Filter>
    </ClInclude>
    <ClInclude Include="..\lib\gsl\cblas\source_trsv_r.h">
      <Filter>Header Files</Filter>
    </ClInclude>
    <ClInclude Include="..\lib\gsl\cblas\tests.h">
      <Filter>Header Files</Filter>
    </ClInclude>
    <ClInclude Include="..\lib\gsl\permutation\gsl_permutation.h">
      <Filter>Header Files</Filter>
    </ClInclude>
    <ClInclude Include="..\lib\gsl\permutation\gsl_permute.h">
      <Filter>Header Files</Filter>
    </ClInclude>
    <ClInclude Include="..\lib\gsl\permutation\gsl_permute_char.h">
      <Filter>Header Files</Filter>
    </ClInclude>
    <ClInclude Include="..\lib\gsl\permutation\gsl_permute_complex_double.h">
      <Filter>Header Files</Filter>
    </ClInclude>
    <ClInclude Include="..\lib\gsl\permutation\gsl_permute_complex_float.h">
      <Filter>Header Files</Filter>
    </ClInclude>
    <ClInclude Include="..\lib\gsl\permutation\gsl_permute_complex_long_double.h">
      <Filter>Header Files</Filter>
    </ClInclude>
    <ClInclude Include="..\lib\gsl\permutation\gsl_permute_double.h">
      <Filter>Header Files</Filter>
    </ClInclude>
    <ClInclude Include="..\lib\gsl\permutation\gsl_permute_float.h">
      <Filter>Header Files</Filter>
    </ClInclude>
    <ClInclude Include="..\lib\gsl\permutation\gsl_permute_int.h">
      <Filter>Header Files</Filter>
    </ClInclude>
    <ClInclude Include="..\lib\gsl\permutation\gsl_permute_long.h">
      <Filter>Header Files</Filter>
    </ClInclude>
    <ClInclude Include="..\lib\gsl\permutation\gsl_permute_long_double.h">
      <Filter>Header Files</Filter>
    </ClInclude>
    <ClInclude Include="..\lib\gsl\permutation\gsl_permute_short.h">
      <Filter>Header Files</Filter>
    </ClInclude>
    <ClInclude Include="..\lib\gsl\permutation\gsl_permute_uchar.h">
      <Filter>Header Files</Filter>
    </ClInclude>
    <ClInclude Include="..\lib\gsl\permutation\gsl_permute_uint.h">
      <Filter>Header Files</Filter>
    </ClInclude>
    <ClInclude Include="..\lib\gsl\permutation\gsl_permute_ulong.h">
      <Filter>Header Files</Filter>
    </ClInclude>
    <ClInclude Include="..\lib\gsl\permutation\gsl_permute_ushort.h">
      <Filter>Header Files</Filter>
    </ClInclude>
    <ClInclude Include="..\lib\gsl\permutation\gsl_permute_vector.h">
      <Filter>Header Files</Filter>
    </ClInclude>
    <ClInclude Include="..\lib\gsl\permutation\gsl_permute_vector_char.h">
      <Filter>Header Files</Filter>
    </ClInclude>
    <ClInclude Include="..\lib\gsl\permutation\gsl_permute_vector_complex_double.h">
      <Filter>Header Files</Filter>
    </ClInclude>
    <ClInclude Include="..\lib\gsl\permutation\gsl_permute_vector_complex_float.h">
      <Filter>Header Files</Filter>
    </ClInclude>
    <ClInclude Include="..\lib\gsl\permutation\gsl_permute_vector_complex_long_double.h">
      <Filter>Header Files</Filter>
    </ClInclude>
    <ClInclude Include="..\lib\gsl\permutation\gsl_permute_vector_double.h">
      <Filter>Header Files</Filter>
    </ClInclude>
    <ClInclude Include="..\lib\gsl\permutation\gsl_permute_vector_float.h">
      <Filter>Header Files</Filter>
    </ClInclude>
    <ClInclude Include="..\lib\gsl\permutation\gsl_permute_vector_int.h">
      <Filter>Header Files</Filter>
    </ClInclude>
    <ClInclude Include="..\lib\gsl\permutation\gsl_permute_vector_long.h">
      <Filter>Header Files</Filter>
    </ClInclude>
    <ClInclude Include="..\lib\gsl\permutation\gsl_permute_vector_long_double.h">
      <Filter>Header Files</Filter>
    </ClInclude>
    <ClInclude Include="..\lib\gsl\permutation\gsl_permute_vector_short.h">
      <Filter>Header Files</Filter>
    </ClInclude>
    <ClInclude Include="..\lib\gsl\permutation\gsl_permute_vector_uchar.h">
      <Filter>Header Files</Filter>
    </ClInclude>
    <ClInclude Include="..\lib\gsl\permutation\gsl_permute_vector_uint.h">
      <Filter>Header Files</Filter>
    </ClInclude>
    <ClInclude Include="..\lib\gsl\permutation\gsl_permute_vector_ulong.h">
      <Filter>Header Files</Filter>
    </ClInclude>
    <ClInclude Include="..\lib\gsl\permutation\gsl_permute_vector_ushort.h">
      <Filter>Header Files</Filter>
    </ClInclude>
  </ItemGroup>
  <ItemGroup>
    <ClCompile Include="Stdafx.cpp">
      <Filter>Source Files</Filter>
    </ClCompile>
    <ClCompile Include="..\lib\gsl\gsl-histogram.c">
      <Filter>Source Files</Filter>
    </ClCompile>
    <ClCompile Include="..\lib\gsl\gsl-randist.c">
      <Filter>Source Files</Filter>
    </ClCompile>
    <ClCompile Include="..\lib\gsl\version.c">
      <Filter>Source Files</Filter>
    </ClCompile>
    <ClCompile Include="..\lib\gsl\vector\copy.c">
      <Filter>Source Files</Filter>
    </ClCompile>
    <ClCompile Include="..\lib\gsl\vector\file_source.c">
      <Filter>Source Files</Filter>
    </ClCompile>
    <ClCompile Include="..\lib\gsl\vector\minmax_source.c">
      <Filter>Source Files</Filter>
    </ClCompile>
    <ClCompile Include="..\lib\gsl\vector\oper.c">
      <Filter>Source Files</Filter>
    </ClCompile>
    <ClCompile Include="..\lib\gsl\vector\reim.c">
      <Filter>Source Files</Filter>
    </ClCompile>
    <ClCompile Include="..\lib\gsl\vector\reim_source.c">
      <Filter>Source Files</Filter>
    </ClCompile>
    <ClCompile Include="..\lib\gsl\vector\subvector.c">
      <Filter>Source Files</Filter>
    </ClCompile>
    <ClCompile Include="..\lib\gsl\vector\swap.c">
      <Filter>Source Files</Filter>
    </ClCompile>
    <ClCompile Include="..\lib\gsl\vector\swap_source.c">
      <Filter>Source Files</Filter>
    </ClCompile>
    <ClCompile Include="..\lib\gsl\vector\vector.c">
      <Filter>Source Files</Filter>
    </ClCompile>
    <ClCompile Include="..\lib\gsl\vector\vector_source.c">
      <Filter>Source Files</Filter>
    </ClCompile>
    <ClCompile Include="..\lib\gsl\vector\view.c">
      <Filter>Source Files</Filter>
    </ClCompile>
    <ClCompile Include="..\lib\gsl\vector\view_source.c">
      <Filter>Source Files</Filter>
    </ClCompile>
    <ClCompile Include="..\lib\gsl\vector\copy_source.c">
      <Filter>Source Files</Filter>
    </ClCompile>
    <ClCompile Include="..\lib\gsl\err\error.c">
      <Filter>Source Files</Filter>
    </ClCompile>
    <ClCompile Include="..\lib\gsl\err\message.c">
      <Filter>Source Files</Filter>
    </ClCompile>
    <ClCompile Include="..\lib\gsl\err\stream.c">
      <Filter>Source Files</Filter>
    </ClCompile>
    <ClCompile Include="..\lib\gsl\err\strerror.c">
      <Filter>Source Files</Filter>
    </ClCompile>
    <ClCompile Include="..\lib\gsl\block\block.c">
      <Filter>Source Files</Filter>
    </ClCompile>
    <ClCompile Include="..\lib\gsl\block\block_source.c">
      <Filter>Source Files</Filter>
    </ClCompile>
    <ClCompile Include="..\lib\gsl\block\fprintf_source.c">
      <Filter>Source Files</Filter>
    </ClCompile>
    <ClCompile Include="..\lib\gsl\block\fwrite_source.c">
      <Filter>Source Files</Filter>
    </ClCompile>
    <ClCompile Include="..\lib\gsl\block\init.c">
      <Filter>Source Files</Filter>
    </ClCompile>
    <ClCompile Include="..\lib\gsl\block\init_source.c">
      <Filter>Source Files</Filter>
    </ClCompile>
    <ClCompile Include="..\lib\gsl\sys\coerce.c">
      <Filter>Source Files</Filter>
    </ClCompile>
    <ClCompile Include="..\lib\gsl\sys\expm1.c">
      <Filter>Source Files</Filter>
    </ClCompile>
    <ClCompile Include="..\lib\gsl\sys\fcmp.c">
      <Filter>Source Files</Filter>
    </ClCompile>
    <ClCompile Include="..\lib\gsl\sys\fdiv.c">
      <Filter>Source Files</Filter>
    </ClCompile>
    <ClCompile Include="..\lib\gsl\sys\hypot.c">
      <Filter>Source Files</Filter>
    </ClCompile>
    <ClCompile Include="..\lib\gsl\sys\infnan.c">
      <Filter>Source Files</Filter>
    </ClCompile>
    <ClCompile Include="..\lib\gsl\sys\invhyp.c">
      <Filter>Source Files</Filter>
    </ClCompile>
    <ClCompile Include="..\lib\gsl\sys\ldfrexp.c">
      <Filter>Source Files</Filter>
    </ClCompile>
    <ClCompile Include="..\lib\gsl\sys\log1p.c">
      <Filter>Source Files</Filter>
    </ClCompile>
    <ClCompile Include="..\lib\gsl\sys\minmax.c">
      <Filter>Source Files</Filter>
    </ClCompile>
    <ClCompile Include="..\lib\gsl\sys\pow_int.c">
      <Filter>Source Files</Filter>
    </ClCompile>
    <ClCompile Include="..\lib\gsl\sys\prec.c">
      <Filter>Source Files</Filter>
    </ClCompile>
    <ClCompile Include="..\lib\gsl\vector\vector_init.c">
      <Filter>Source Files</Filter>
    </ClCompile>
    <ClCompile Include="..\lib\gsl\vector\vector_init_source.c">
      <Filter>Source Files</Filter>
    </ClCompile>
    <ClCompile Include="..\lib\gsl\vector\vector_minmax.c">
      <Filter>Source Files</Filter>
    </ClCompile>
    <ClCompile Include="..\lib\gsl\vector\file.c">
      <Filter>Source Files</Filter>
    </ClCompile>
    <ClCompile Include="..\lib\gsl\block\vector_file.c">
      <Filter>Source Files</Filter>
    </ClCompile>
    <ClCompile Include="..\lib\gsl\specfunc\airy.c">
      <Filter>Source Files</Filter>
    </ClCompile>
    <ClCompile Include="..\lib\gsl\specfunc\airy_der.c">
      <Filter>Source Files</Filter>
    </ClCompile>
    <ClCompile Include="..\lib\gsl\specfunc\airy_zero.c">
      <Filter>Source Files</Filter>
    </ClCompile>
    <ClCompile Include="..\lib\gsl\specfunc\atanint.c">
      <Filter>Source Files</Filter>
    </ClCompile>
    <ClCompile Include="..\lib\gsl\specfunc\bessel.c">
      <Filter>Source Files</Filter>
    </ClCompile>
    <ClCompile Include="..\lib\gsl\specfunc\bessel_amp_phase.c">
      <Filter>Source Files</Filter>
    </ClCompile>
    <ClCompile Include="..\lib\gsl\specfunc\bessel_i.c">
      <Filter>Source Files</Filter>
    </ClCompile>
    <ClCompile Include="..\lib\gsl\specfunc\bessel_I0.c">
      <Filter>Source Files</Filter>
    </ClCompile>
    <ClCompile Include="..\lib\gsl\specfunc\bessel_I1.c">
      <Filter>Source Files</Filter>
    </ClCompile>
    <ClCompile Include="..\lib\gsl\specfunc\bessel_In.c">
      <Filter>Source Files</Filter>
    </ClCompile>
    <ClCompile Include="..\lib\gsl\specfunc\bessel_Inu.c">
      <Filter>Source Files</Filter>
    </ClCompile>
    <ClCompile Include="..\lib\gsl\specfunc\bessel_j.c">
      <Filter>Source Files</Filter>
    </ClCompile>
    <ClCompile Include="..\lib\gsl\specfunc\bessel_J0.c">
      <Filter>Source Files</Filter>
    </ClCompile>
    <ClCompile Include="..\lib\gsl\specfunc\bessel_J1.c">
      <Filter>Source Files</Filter>
    </ClCompile>
    <ClCompile Include="..\lib\gsl\specfunc\bessel_Jn.c">
      <Filter>Source Files</Filter>
    </ClCompile>
    <ClCompile Include="..\lib\gsl\specfunc\bessel_Jnu.c">
      <Filter>Source Files</Filter>
    </ClCompile>
    <ClCompile Include="..\lib\gsl\specfunc\bessel_k.c">
      <Filter>Source Files</Filter>
    </ClCompile>
    <ClCompile Include="..\lib\gsl\specfunc\bessel_K0.c">
      <Filter>Source Files</Filter>
    </ClCompile>
    <ClCompile Include="..\lib\gsl\specfunc\bessel_K1.c">
      <Filter>Source Files</Filter>
    </ClCompile>
    <ClCompile Include="..\lib\gsl\specfunc\bessel_Kn.c">
      <Filter>Source Files</Filter>
    </ClCompile>
    <ClCompile Include="..\lib\gsl\specfunc\bessel_Knu.c">
      <Filter>Source Files</Filter>
    </ClCompile>
    <ClCompile Include="..\lib\gsl\specfunc\bessel_olver.c">
      <Filter>Source Files</Filter>
    </ClCompile>
    <ClCompile Include="..\lib\gsl\specfunc\bessel_sequence.c">
      <Filter>Source Files</Filter>
    </ClCompile>
    <ClCompile Include="..\lib\gsl\specfunc\bessel_temme.c">
      <Filter>Source Files</Filter>
    </ClCompile>
    <ClCompile Include="..\lib\gsl\specfunc\bessel_y.c">
      <Filter>Source Files</Filter>
    </ClCompile>
    <ClCompile Include="..\lib\gsl\specfunc\bessel_Y0.c">
      <Filter>Source Files</Filter>
    </ClCompile>
    <ClCompile Include="..\lib\gsl\specfunc\bessel_Y1.c">
      <Filter>Source Files</Filter>
    </ClCompile>
    <ClCompile Include="..\lib\gsl\specfunc\bessel_Yn.c">
      <Filter>Source Files</Filter>
    </ClCompile>
    <ClCompile Include="..\lib\gsl\specfunc\bessel_Ynu.c">
      <Filter>Source Files</Filter>
    </ClCompile>
    <ClCompile Include="..\lib\gsl\specfunc\bessel_zero.c">
      <Filter>Source Files</Filter>
    </ClCompile>
    <ClCompile Include="..\lib\gsl\specfunc\beta.c">
      <Filter>Source Files</Filter>
    </ClCompile>
    <ClCompile Include="..\lib\gsl\specfunc\beta_inc.c">
      <Filter>Source Files</Filter>
    </ClCompile>
    <ClCompile Include="..\lib\gsl\specfunc\cheb_eval.c">
      <Filter>Source Files</Filter>
    </ClCompile>
    <ClCompile Include="..\lib\gsl\specfunc\cheb_eval_mode.c">
      <Filter>Source Files</Filter>
    </ClCompile>
    <ClCompile Include="..\lib\gsl\specfunc\clausen.c">
      <Filter>Source Files</Filter>
    </ClCompile>
    <ClCompile Include="..\lib\gsl\specfunc\coulomb.c">
      <Filter>Source Files</Filter>
    </ClCompile>
    <ClCompile Include="..\lib\gsl\specfunc\coulomb_bound.c">
      <Filter>Source Files</Filter>
    </ClCompile>
    <ClCompile Include="..\lib\gsl\specfunc\coupling.c">
      <Filter>Source Files</Filter>
    </ClCompile>
    <ClCompile Include="..\lib\gsl\specfunc\dawson.c">
      <Filter>Source Files</Filter>
    </ClCompile>
    <ClCompile Include="..\lib\gsl\specfunc\debye.c">
      <Filter>Source Files</Filter>
    </ClCompile>
    <ClCompile Include="..\lib\gsl\specfunc\dilog.c">
      <Filter>Source Files</Filter>
    </ClCompile>
    <ClCompile Include="..\lib\gsl\specfunc\elementary.c">
      <Filter>Source Files</Filter>
    </ClCompile>
    <ClCompile Include="..\lib\gsl\specfunc\ellint.c">
      <Filter>Source Files</Filter>
    </ClCompile>
    <ClCompile Include="..\lib\gsl\specfunc\elljac.c">
      <Filter>Source Files</Filter>
    </ClCompile>
    <ClCompile Include="..\lib\gsl\specfunc\erfc.c">
      <Filter>Source Files</Filter>
    </ClCompile>
    <ClCompile Include="..\lib\gsl\specfunc\exp.c">
      <Filter>Source Files</Filter>
    </ClCompile>
    <ClCompile Include="..\lib\gsl\specfunc\expint.c">
      <Filter>Source Files</Filter>
    </ClCompile>
    <ClCompile Include="..\lib\gsl\specfunc\expint3.c">
      <Filter>Source Files</Filter>
    </ClCompile>
    <ClCompile Include="..\lib\gsl\specfunc\fermi_dirac.c">
      <Filter>Source Files</Filter>
    </ClCompile>
    <ClCompile Include="..\lib\gsl\specfunc\gamma.c">
      <Filter>Source Files</Filter>
    </ClCompile>
    <ClCompile Include="..\lib\gsl\specfunc\gamma_inc.c">
      <Filter>Source Files</Filter>
    </ClCompile>
    <ClCompile Include="..\lib\gsl\specfunc\gegenbauer.c">
      <Filter>Source Files</Filter>
    </ClCompile>
    <ClCompile Include="..\lib\gsl\specfunc\hyperg.c">
      <Filter>Source Files</Filter>
    </ClCompile>
    <ClCompile Include="..\lib\gsl\specfunc\hyperg_0F1.c">
      <Filter>Source Files</Filter>
    </ClCompile>
    <ClCompile Include="..\lib\gsl\specfunc\hyperg_1F1.c">
      <Filter>Source Files</Filter>
    </ClCompile>
    <ClCompile Include="..\lib\gsl\specfunc\hyperg_2F0.c">
      <Filter>Source Files</Filter>
    </ClCompile>
    <ClCompile Include="..\lib\gsl\specfunc\hyperg_2F1.c">
      <Filter>Source Files</Filter>
    </ClCompile>
    <ClCompile Include="..\lib\gsl\specfunc\hyperg_U.c">
      <Filter>Source Files</Filter>
    </ClCompile>
    <ClCompile Include="..\lib\gsl\specfunc\laguerre.c">
      <Filter>Source Files</Filter>
    </ClCompile>
    <ClCompile Include="..\lib\gsl\specfunc\lambert.c">
      <Filter>Source Files</Filter>
    </ClCompile>
    <ClCompile Include="..\lib\gsl\specfunc\legendre_con.c">
      <Filter>Source Files</Filter>
    </ClCompile>
    <ClCompile Include="..\lib\gsl\specfunc\legendre_H3d.c">
      <Filter>Source Files</Filter>
    </ClCompile>
    <ClCompile Include="..\lib\gsl\specfunc\legendre_poly.c">
      <Filter>Source Files</Filter>
    </ClCompile>
    <ClCompile Include="..\lib\gsl\specfunc\legendre_Qn.c">
      <Filter>Source Files</Filter>
    </ClCompile>
    <ClCompile Include="..\lib\gsl\specfunc\log.c">
      <Filter>Source Files</Filter>
    </ClCompile>
    <ClCompile Include="..\lib\gsl\specfunc\mathieu_angfunc.c">
      <Filter>Source Files</Filter>
    </ClCompile>
    <ClCompile Include="..\lib\gsl\specfunc\mathieu_charv.c">
      <Filter>Source Files</Filter>
    </ClCompile>
    <ClCompile Include="..\lib\gsl\specfunc\mathieu_coeff.c">
      <Filter>Source Files</Filter>
    </ClCompile>
    <ClCompile Include="..\lib\gsl\specfunc\mathieu_radfunc.c">
      <Filter>Source Files</Filter>
    </ClCompile>
    <ClCompile Include="..\lib\gsl\specfunc\mathieu_workspace.c">
      <Filter>Source Files</Filter>
    </ClCompile>
    <ClCompile Include="..\lib\gsl\specfunc\poch.c">
      <Filter>Source Files</Filter>
    </ClCompile>
    <ClCompile Include="..\lib\gsl\specfunc\pow_int.c">
      <Filter>Source Files</Filter>
    </ClCompile>
    <ClCompile Include="..\lib\gsl\specfunc\psi.c">
      <Filter>Source Files</Filter>
    </ClCompile>
    <ClCompile Include="..\lib\gsl\specfunc\result.c">
      <Filter>Source Files</Filter>
    </ClCompile>
    <ClCompile Include="..\lib\gsl\specfunc\shint.c">
      <Filter>Source Files</Filter>
    </ClCompile>
    <ClCompile Include="..\lib\gsl\specfunc\sinint.c">
      <Filter>Source Files</Filter>
    </ClCompile>
    <ClCompile Include="..\lib\gsl\specfunc\synchrotron.c">
      <Filter>Source Files</Filter>
    </ClCompile>
    <ClCompile Include="..\lib\gsl\specfunc\transport.c">
      <Filter>Source Files</Filter>
    </ClCompile>
    <ClCompile Include="..\lib\gsl\specfunc\trig.c">
      <Filter>Source Files</Filter>
    </ClCompile>
    <ClCompile Include="..\lib\gsl\specfunc\zeta.c">
      <Filter>Source Files</Filter>
    </ClCompile>
    <ClCompile Include="..\lib\gsl\complex\math.c">
      <Filter>Source Files</Filter>
    </ClCompile>
    <ClCompile Include="..\lib\gsl\eigen\francis.c">
      <Filter>Source Files</Filter>
    </ClCompile>
    <ClCompile Include="..\lib\gsl\eigen\herm.c">
      <Filter>Source Files</Filter>
    </ClCompile>
    <ClCompile Include="..\lib\gsl\eigen\hermv.c">
      <Filter>Source Files</Filter>
    </ClCompile>
    <ClCompile Include="..\lib\gsl\eigen\jacobi.c">
      <Filter>Source Files</Filter>
    </ClCompile>
    <ClCompile Include="..\lib\gsl\eigen\nonsymm.c">
      <Filter>Source Files</Filter>
    </ClCompile>
    <ClCompile Include="..\lib\gsl\eigen\nonsymmv.c">
      <Filter>Source Files</Filter>
    </ClCompile>
    <ClCompile Include="..\lib\gsl\eigen\qrstep.c">
      <Filter>Source Files</Filter>
    </ClCompile>
    <ClCompile Include="..\lib\gsl\eigen\schur.c">
      <Filter>Source Files</Filter>
    </ClCompile>
    <ClCompile Include="..\lib\gsl\eigen\sort.c">
      <Filter>Source Files</Filter>
    </ClCompile>
    <ClCompile Include="..\lib\gsl\eigen\symm.c">
      <Filter>Source Files</Filter>
    </ClCompile>
    <ClCompile Include="..\lib\gsl\eigen\symmv.c">
      <Filter>Source Files</Filter>
    </ClCompile>
    <ClCompile Include="..\lib\gsl\poly\balance.c">
      <Filter>Source Files</Filter>
    </ClCompile>
    <ClCompile Include="..\lib\gsl\poly\companion.c">
      <Filter>Source Files</Filter>
    </ClCompile>
    <ClCompile Include="..\lib\gsl\poly\dd.c">
      <Filter>Source Files</Filter>
    </ClCompile>
    <ClCompile Include="..\lib\gsl\poly\eval.c">
      <Filter>Source Files</Filter>
    </ClCompile>
    <ClCompile Include="..\lib\gsl\poly\qr.c">
      <Filter>Source Files</Filter>
    </ClCompile>
    <ClCompile Include="..\lib\gsl\poly\solve_cubic.c">
      <Filter>Source Files</Filter>
    </ClCompile>
    <ClCompile Include="..\lib\gsl\poly\solve_quadratic.c">
      <Filter>Source Files</Filter>
    </ClCompile>
    <ClCompile Include="..\lib\gsl\poly\zsolve.c">
      <Filter>Source Files</Filter>
    </ClCompile>
    <ClCompile Include="..\lib\gsl\poly\zsolve_cubic.c">
      <Filter>Source Files</Filter>
    </ClCompile>
    <ClCompile Include="..\lib\gsl\poly\zsolve_init.c">
      <Filter>Source Files</Filter>
    </ClCompile>
    <ClCompile Include="..\lib\gsl\poly\zsolve_quadratic.c">
      <Filter>Source Files</Filter>
    </ClCompile>
    <ClCompile Include="..\lib\gsl\linalg\apply_givens.c">
      <Filter>Source Files</Filter>
    </ClCompile>
    <ClCompile Include="..\lib\gsl\linalg\balance.c">
      <Filter>Source Files</Filter>
    </ClCompile>
    <ClCompile Include="..\lib\gsl\linalg\balancemat.c">
      <Filter>Source Files</Filter>
    </ClCompile>
    <ClCompile Include="..\lib\gsl\linalg\bidiag.c">
      <Filter>Source Files</Filter>
    </ClCompile>
    <ClCompile Include="..\lib\gsl\linalg\cholesky.c">
      <Filter>Source Files</Filter>
    </ClCompile>
    <ClCompile Include="..\lib\gsl\linalg\exponential.c">
      <Filter>Source Files</Filter>
    </ClCompile>
    <ClCompile Include="..\lib\gsl\linalg\hermtd.c">
      <Filter>Source Files</Filter>
    </ClCompile>
    <ClCompile Include="..\lib\gsl\linalg\hessenberg.c">
      <Filter>Source Files</Filter>
    </ClCompile>
    <ClCompile Include="..\lib\gsl\linalg\hh.c">
      <Filter>Source Files</Filter>
    </ClCompile>
    <ClCompile Include="..\lib\gsl\linalg\householder.c">
      <Filter>Source Files</Filter>
    </ClCompile>
    <ClCompile Include="..\lib\gsl\linalg\householdercomplex.c">
      <Filter>Source Files</Filter>
    </ClCompile>
    <ClCompile Include="..\lib\gsl\linalg\lq.c">
      <Filter>Source Files</Filter>
    </ClCompile>
    <ClCompile Include="..\lib\gsl\linalg\lu.c">
      <Filter>Source Files</Filter>
    </ClCompile>
    <ClCompile Include="..\lib\gsl\linalg\luc.c">
      <Filter>Source Files</Filter>
    </ClCompile>
    <ClCompile Include="..\lib\gsl\linalg\multiply.c">
      <Filter>Source Files</Filter>
    </ClCompile>
    <ClCompile Include="..\lib\gsl\linalg\ptlq.c">
      <Filter>Source Files</Filter>
    </ClCompile>
    <ClCompile Include="..\lib\gsl\linalg\qr.c">
      <Filter>Source Files</Filter>
    </ClCompile>
    <ClCompile Include="..\lib\gsl\linalg\qrpt.c">
      <Filter>Source Files</Filter>
    </ClCompile>
    <ClCompile Include="..\lib\gsl\linalg\svd.c">
      <Filter>Source Files</Filter>
    </ClCompile>
    <ClCompile Include="..\lib\gsl\linalg\svdstep.c">
      <Filter>Source Files</Filter>
    </ClCompile>
    <ClCompile Include="..\lib\gsl\linalg\symmtd.c">
      <Filter>Source Files</Filter>
    </ClCompile>
    <ClCompile Include="..\lib\gsl\linalg\tridiag.c">
      <Filter>Source Files</Filter>
    </ClCompile>
    <ClCompile Include="..\lib\gsl\blas\blas.c">
      <Filter>Source Files</Filter>
    </ClCompile>
    <ClCompile Include="..\lib\gsl\matrix\copy.c">
      <Filter>Source Files</Filter>
    </ClCompile>
    <ClCompile Include="..\lib\gsl\matrix\copy_source.c">
      <Filter>Source Files</Filter>
    </ClCompile>
    <ClCompile Include="..\lib\gsl\matrix\file.c">
      <Filter>Source Files</Filter>
    </ClCompile>
    <ClCompile Include="..\lib\gsl\matrix\file_source.c">
      <Filter>Source Files</Filter>
    </ClCompile>
    <ClCompile Include="..\lib\gsl\matrix\getset.c">
      <Filter>Source Files</Filter>
    </ClCompile>
    <ClCompile Include="..\lib\gsl\matrix\getset_source.c">
      <Filter>Source Files</Filter>
    </ClCompile>
    <ClCompile Include="..\lib\gsl\matrix\init.c">
      <Filter>Source Files</Filter>
    </ClCompile>
    <ClCompile Include="..\lib\gsl\matrix\init_source.c">
      <Filter>Source Files</Filter>
    </ClCompile>
    <ClCompile Include="..\lib\gsl\matrix\matrix.c">
      <Filter>Source Files</Filter>
    </ClCompile>
    <ClCompile Include="..\lib\gsl\matrix\matrix_source.c">
      <Filter>Source Files</Filter>
    </ClCompile>
    <ClCompile Include="..\lib\gsl\matrix\minmax.c">
      <Filter>Source Files</Filter>
    </ClCompile>
    <ClCompile Include="..\lib\gsl\matrix\minmax_source.c">
      <Filter>Source Files</Filter>
    </ClCompile>
    <ClCompile Include="..\lib\gsl\matrix\oper.c">
      <Filter>Source Files</Filter>
    </ClCompile>
    <ClCompile Include="..\lib\gsl\matrix\prop.c">
      <Filter>Source Files</Filter>
    </ClCompile>
    <ClCompile Include="..\lib\gsl\matrix\rowcol.c">
      <Filter>Source Files</Filter>
    </ClCompile>
    <ClCompile Include="..\lib\gsl\matrix\submatrix.c">
      <Filter>Source Files</Filter>
    </ClCompile>
    <ClCompile Include="..\lib\gsl\matrix\swap.c">
      <Filter>Source Files</Filter>
    </ClCompile>
    <ClCompile Include="..\lib\gsl\matrix\swap_source.c">
      <Filter>Source Files</Filter>
    </ClCompile>
    <ClCompile Include="..\lib\gsl\matrix\view.c">
      <Filter>Source Files</Filter>
    </ClCompile>
    <ClCompile Include="..\lib\gsl\matrix\view_source.c">
      <Filter>Source Files</Filter>
    </ClCompile>
    <ClCompile Include="..\lib\gsl\cblas\caxpy.c">
      <Filter>Source Files</Filter>
    </ClCompile>
    <ClCompile Include="..\lib\gsl\cblas\ccopy.c">
      <Filter>Source Files</Filter>
    </ClCompile>
    <ClCompile Include="..\lib\gsl\cblas\cdotc_sub.c">
      <Filter>Source Files</Filter>
    </ClCompile>
    <ClCompile Include="..\lib\gsl\cblas\cdotu_sub.c">
      <Filter>Source Files</Filter>
    </ClCompile>
    <ClCompile Include="..\lib\gsl\cblas\cgbmv.c">
      <Filter>Source Files</Filter>
    </ClCompile>
    <ClCompile Include="..\lib\gsl\cblas\cgemm.c">
      <Filter>Source Files</Filter>
    </ClCompile>
    <ClCompile Include="..\lib\gsl\cblas\cgemv.c">
      <Filter>Source Files</Filter>
    </ClCompile>
    <ClCompile Include="..\lib\gsl\cblas\cgerc.c">
      <Filter>Source Files</Filter>
    </ClCompile>
    <ClCompile Include="..\lib\gsl\cblas\cgeru.c">
      <Filter>Source Files</Filter>
    </ClCompile>
    <ClCompile Include="..\lib\gsl\cblas\chbmv.c">
      <Filter>Source Files</Filter>
    </ClCompile>
    <ClCompile Include="..\lib\gsl\cblas\chemm.c">
      <Filter>Source Files</Filter>
    </ClCompile>
    <ClCompile Include="..\lib\gsl\cblas\chemv.c">
      <Filter>Source Files</Filter>
    </ClCompile>
    <ClCompile Include="..\lib\gsl\cblas\cher.c">
      <Filter>Source Files</Filter>
    </ClCompile>
    <ClCompile Include="..\lib\gsl\cblas\cher2.c">
      <Filter>Source Files</Filter>
    </ClCompile>
    <ClCompile Include="..\lib\gsl\cblas\cher2k.c">
      <Filter>Source Files</Filter>
    </ClCompile>
    <ClCompile Include="..\lib\gsl\cblas\cherk.c">
      <Filter>Source Files</Filter>
    </ClCompile>
    <ClCompile Include="..\lib\gsl\cblas\chpmv.c">
      <Filter>Source Files</Filter>
    </ClCompile>
    <ClCompile Include="..\lib\gsl\cblas\chpr.c">
      <Filter>Source Files</Filter>
    </ClCompile>
    <ClCompile Include="..\lib\gsl\cblas\chpr2.c">
      <Filter>Source Files</Filter>
    </ClCompile>
    <ClCompile Include="..\lib\gsl\cblas\cscal.c">
      <Filter>Source Files</Filter>
    </ClCompile>
    <ClCompile Include="..\lib\gsl\cblas\csscal.c">
      <Filter>Source Files</Filter>
    </ClCompile>
    <ClCompile Include="..\lib\gsl\cblas\cswap.c">
      <Filter>Source Files</Filter>
    </ClCompile>
    <ClCompile Include="..\lib\gsl\cblas\csymm.c">
      <Filter>Source Files</Filter>
    </ClCompile>
    <ClCompile Include="..\lib\gsl\cblas\csyr2k.c">
      <Filter>Source Files</Filter>
    </ClCompile>
    <ClCompile Include="..\lib\gsl\cblas\csyrk.c">
      <Filter>Source Files</Filter>
    </ClCompile>
    <ClCompile Include="..\lib\gsl\cblas\ctbmv.c">
      <Filter>Source Files</Filter>
    </ClCompile>
    <ClCompile Include="..\lib\gsl\cblas\ctbsv.c">
      <Filter>Source Files</Filter>
    </ClCompile>
    <ClCompile Include="..\lib\gsl\cblas\ctpmv.c">
      <Filter>Source Files</Filter>
    </ClCompile>
    <ClCompile Include="..\lib\gsl\cblas\ctpsv.c">
      <Filter>Source Files</Filter>
    </ClCompile>
    <ClCompile Include="..\lib\gsl\cblas\ctrmm.c">
      <Filter>Source Files</Filter>
    </ClCompile>
    <ClCompile Include="..\lib\gsl\cblas\ctrmv.c">
      <Filter>Source Files</Filter>
    </ClCompile>
    <ClCompile Include="..\lib\gsl\cblas\ctrsm.c">
      <Filter>Source Files</Filter>
    </ClCompile>
    <ClCompile Include="..\lib\gsl\cblas\ctrsv.c">
      <Filter>Source Files</Filter>
    </ClCompile>
    <ClCompile Include="..\lib\gsl\cblas\dasum.c">
      <Filter>Source Files</Filter>
    </ClCompile>
    <ClCompile Include="..\lib\gsl\cblas\daxpy.c">
      <Filter>Source Files</Filter>
    </ClCompile>
    <ClCompile Include="..\lib\gsl\cblas\dcopy.c">
      <Filter>Source Files</Filter>
    </ClCompile>
    <ClCompile Include="..\lib\gsl\cblas\ddot.c">
      <Filter>Source Files</Filter>
    </ClCompile>
    <ClCompile Include="..\lib\gsl\cblas\dgbmv.c">
      <Filter>Source Files</Filter>
    </ClCompile>
    <ClCompile Include="..\lib\gsl\cblas\dgemm.c">
      <Filter>Source Files</Filter>
    </ClCompile>
    <ClCompile Include="..\lib\gsl\cblas\dgemv.c">
      <Filter>Source Files</Filter>
    </ClCompile>
    <ClCompile Include="..\lib\gsl\cblas\dger.c">
      <Filter>Source Files</Filter>
    </ClCompile>
    <ClCompile Include="..\lib\gsl\cblas\dnrm2.c">
      <Filter>Source Files</Filter>
    </ClCompile>
    <ClCompile Include="..\lib\gsl\cblas\drot.c">
      <Filter>Source Files</Filter>
    </ClCompile>
    <ClCompile Include="..\lib\gsl\cblas\drotg.c">
      <Filter>Source Files</Filter>
    </ClCompile>
    <ClCompile Include="..\lib\gsl\cblas\drotm.c">
      <Filter>Source Files</Filter>
    </ClCompile>
    <ClCompile Include="..\lib\gsl\cblas\drotmg.c">
      <Filter>Source Files</Filter>
    </ClCompile>
    <ClCompile Include="..\lib\gsl\cblas\dsbmv.c">
      <Filter>Source Files</Filter>
    </ClCompile>
    <ClCompile Include="..\lib\gsl\cblas\dscal.c">
      <Filter>Source Files</Filter>
    </ClCompile>
    <ClCompile Include="..\lib\gsl\cblas\dsdot.c">
      <Filter>Source Files</Filter>
    </ClCompile>
    <ClCompile Include="..\lib\gsl\cblas\dspmv.c">
      <Filter>Source Files</Filter>
    </ClCompile>
    <ClCompile Include="..\lib\gsl\cblas\dspr.c">
      <Filter>Source Files</Filter>
    </ClCompile>
    <ClCompile Include="..\lib\gsl\cblas\dspr2.c">
      <Filter>Source Files</Filter>
    </ClCompile>
    <ClCompile Include="..\lib\gsl\cblas\dswap.c">
      <Filter>Source Files</Filter>
    </ClCompile>
    <ClCompile Include="..\lib\gsl\cblas\dsymm.c">
      <Filter>Source Files</Filter>
    </ClCompile>
    <ClCompile Include="..\lib\gsl\cblas\dsymv.c">
      <Filter>Source Files</Filter>
    </ClCompile>
    <ClCompile Include="..\lib\gsl\cblas\dsyr.c">
      <Filter>Source Files</Filter>
    </ClCompile>
    <ClCompile Include="..\lib\gsl\cblas\dsyr2.c">
      <Filter>Source Files</Filter>
    </ClCompile>
    <ClCompile Include="..\lib\gsl\cblas\dsyr2k.c">
      <Filter>Source Files</Filter>
    </ClCompile>
    <ClCompile Include="..\lib\gsl\cblas\dsyrk.c">
      <Filter>Source Files</Filter>
    </ClCompile>
    <ClCompile Include="..\lib\gsl\cblas\dtbmv.c">
      <Filter>Source Files</Filter>
    </ClCompile>
    <ClCompile Include="..\lib\gsl\cblas\dtbsv.c">
      <Filter>Source Files</Filter>
    </ClCompile>
    <ClCompile Include="..\lib\gsl\cblas\dtpmv.c">
      <Filter>Source Files</Filter>
    </ClCompile>
    <ClCompile Include="..\lib\gsl\cblas\dtpsv.c">
      <Filter>Source Files</Filter>
    </ClCompile>
    <ClCompile Include="..\lib\gsl\cblas\dtrmm.c">
      <Filter>Source Files</Filter>
    </ClCompile>
    <ClCompile Include="..\lib\gsl\cblas\dtrmv.c">
      <Filter>Source Files</Filter>
    </ClCompile>
    <ClCompile Include="..\lib\gsl\cblas\dtrsm.c">
      <Filter>Source Files</Filter>
    </ClCompile>
    <ClCompile Include="..\lib\gsl\cblas\dtrsv.c">
      <Filter>Source Files</Filter>
    </ClCompile>
    <ClCompile Include="..\lib\gsl\cblas\dzasum.c">
      <Filter>Source Files</Filter>
    </ClCompile>
    <ClCompile Include="..\lib\gsl\cblas\dznrm2.c">
      <Filter>Source Files</Filter>
    </ClCompile>
    <ClCompile Include="..\lib\gsl\cblas\hypot.c">
      <Filter>Source Files</Filter>
    </ClCompile>
    <ClCompile Include="..\lib\gsl\cblas\icamax.c">
      <Filter>Source Files</Filter>
    </ClCompile>
    <ClCompile Include="..\lib\gsl\cblas\idamax.c">
      <Filter>Source Files</Filter>
    </ClCompile>
    <ClCompile Include="..\lib\gsl\cblas\isamax.c">
      <Filter>Source Files</Filter>
    </ClCompile>
    <ClCompile Include="..\lib\gsl\cblas\izamax.c">
      <Filter>Source Files</Filter>
    </ClCompile>
    <ClCompile Include="..\lib\gsl\cblas\sasum.c">
      <Filter>Source Files</Filter>
    </ClCompile>
    <ClCompile Include="..\lib\gsl\cblas\saxpy.c">
      <Filter>Source Files</Filter>
    </ClCompile>
    <ClCompile Include="..\lib\gsl\cblas\scasum.c">
      <Filter>Source Files</Filter>
    </ClCompile>
    <ClCompile Include="..\lib\gsl\cblas\scnrm2.c">
      <Filter>Source Files</Filter>
    </ClCompile>
    <ClCompile Include="..\lib\gsl\cblas\scopy.c">
      <Filter>Source Files</Filter>
    </ClCompile>
    <ClCompile Include="..\lib\gsl\cblas\sdot.c">
      <Filter>Source Files</Filter>
    </ClCompile>
    <ClCompile Include="..\lib\gsl\cblas\sdsdot.c">
      <Filter>Source Files</Filter>
    </ClCompile>
    <ClCompile Include="..\lib\gsl\cblas\sgbmv.c">
      <Filter>Source Files</Filter>
    </ClCompile>
    <ClCompile Include="..\lib\gsl\cblas\sgemm.c">
      <Filter>Source Files</Filter>
    </ClCompile>
    <ClCompile Include="..\lib\gsl\cblas\sgemv.c">
      <Filter>Source Files</Filter>
    </ClCompile>
    <ClCompile Include="..\lib\gsl\cblas\sger.c">
      <Filter>Source Files</Filter>
    </ClCompile>
    <ClCompile Include="..\lib\gsl\cblas\snrm2.c">
      <Filter>Source Files</Filter>
    </ClCompile>
    <ClCompile Include="..\lib\gsl\cblas\srot.c">
      <Filter>Source Files</Filter>
    </ClCompile>
    <ClCompile Include="..\lib\gsl\cblas\srotg.c">
      <Filter>Source Files</Filter>
    </ClCompile>
    <ClCompile Include="..\lib\gsl\cblas\srotm.c">
      <Filter>Source Files</Filter>
    </ClCompile>
    <ClCompile Include="..\lib\gsl\cblas\srotmg.c">
      <Filter>Source Files</Filter>
    </ClCompile>
    <ClCompile Include="..\lib\gsl\cblas\ssbmv.c">
      <Filter>Source Files</Filter>
    </ClCompile>
    <ClCompile Include="..\lib\gsl\cblas\sscal.c">
      <Filter>Source Files</Filter>
    </ClCompile>
    <ClCompile Include="..\lib\gsl\cblas\sspmv.c">
      <Filter>Source Files</Filter>
    </ClCompile>
    <ClCompile Include="..\lib\gsl\cblas\sspr.c">
      <Filter>Source Files</Filter>
    </ClCompile>
    <ClCompile Include="..\lib\gsl\cblas\sspr2.c">
      <Filter>Source Files</Filter>
    </ClCompile>
    <ClCompile Include="..\lib\gsl\cblas\sswap.c">
      <Filter>Source Files</Filter>
    </ClCompile>
    <ClCompile Include="..\lib\gsl\cblas\ssymm.c">
      <Filter>Source Files</Filter>
    </ClCompile>
    <ClCompile Include="..\lib\gsl\cblas\ssymv.c">
      <Filter>Source Files</Filter>
    </ClCompile>
    <ClCompile Include="..\lib\gsl\cblas\ssyr.c">
      <Filter>Source Files</Filter>
    </ClCompile>
    <ClCompile Include="..\lib\gsl\cblas\ssyr2.c">
      <Filter>Source Files</Filter>
    </ClCompile>
    <ClCompile Include="..\lib\gsl\cblas\ssyr2k.c">
      <Filter>Source Files</Filter>
    </ClCompile>
    <ClCompile Include="..\lib\gsl\cblas\ssyrk.c">
      <Filter>Source Files</Filter>
    </ClCompile>
    <ClCompile Include="..\lib\gsl\cblas\stbmv.c">
      <Filter>Source Files</Filter>
    </ClCompile>
    <ClCompile Include="..\lib\gsl\cblas\stbsv.c">
      <Filter>Source Files</Filter>
    </ClCompile>
    <ClCompile Include="..\lib\gsl\cblas\stpmv.c">
      <Filter>Source Files</Filter>
    </ClCompile>
    <ClCompile Include="..\lib\gsl\cblas\stpsv.c">
      <Filter>Source Files</Filter>
    </ClCompile>
    <ClCompile Include="..\lib\gsl\cblas\strmm.c">
      <Filter>Source Files</Filter>
    </ClCompile>
    <ClCompile Include="..\lib\gsl\cblas\strmv.c">
      <Filter>Source Files</Filter>
    </ClCompile>
    <ClCompile Include="..\lib\gsl\cblas\strsm.c">
      <Filter>Source Files</Filter>
    </ClCompile>
    <ClCompile Include="..\lib\gsl\cblas\strsv.c">
      <Filter>Source Files</Filter>
    </ClCompile>
    <ClCompile Include="..\lib\gsl\cblas\xerbla.c">
      <Filter>Source Files</Filter>
    </ClCompile>
    <ClCompile Include="..\lib\gsl\cblas\zaxpy.c">
      <Filter>Source Files</Filter>
    </ClCompile>
    <ClCompile Include="..\lib\gsl\cblas\zcopy.c">
      <Filter>Source Files</Filter>
    </ClCompile>
    <ClCompile Include="..\lib\gsl\cblas\zdotc_sub.c">
      <Filter>Source Files</Filter>
    </ClCompile>
    <ClCompile Include="..\lib\gsl\cblas\zdotu_sub.c">
      <Filter>Source Files</Filter>
    </ClCompile>
    <ClCompile Include="..\lib\gsl\cblas\zdscal.c">
      <Filter>Source Files</Filter>
    </ClCompile>
    <ClCompile Include="..\lib\gsl\cblas\zgbmv.c">
      <Filter>Source Files</Filter>
    </ClCompile>
    <ClCompile Include="..\lib\gsl\cblas\zgemm.c">
      <Filter>Source Files</Filter>
    </ClCompile>
    <ClCompile Include="..\lib\gsl\cblas\zgemv.c">
      <Filter>Source Files</Filter>
    </ClCompile>
    <ClCompile Include="..\lib\gsl\cblas\zgerc.c">
      <Filter>Source Files</Filter>
    </ClCompile>
    <ClCompile Include="..\lib\gsl\cblas\zgeru.c">
      <Filter>Source Files</Filter>
    </ClCompile>
    <ClCompile Include="..\lib\gsl\cblas\zhbmv.c">
      <Filter>Source Files</Filter>
    </ClCompile>
    <ClCompile Include="..\lib\gsl\cblas\zhemm.c">
      <Filter>Source Files</Filter>
    </ClCompile>
    <ClCompile Include="..\lib\gsl\cblas\zhemv.c">
      <Filter>Source Files</Filter>
    </ClCompile>
    <ClCompile Include="..\lib\gsl\cblas\zher.c">
      <Filter>Source Files</Filter>
    </ClCompile>
    <ClCompile Include="..\lib\gsl\cblas\zher2.c">
      <Filter>Source Files</Filter>
    </ClCompile>
    <ClCompile Include="..\lib\gsl\cblas\zher2k.c">
      <Filter>Source Files</Filter>
    </ClCompile>
    <ClCompile Include="..\lib\gsl\cblas\zherk.c">
      <Filter>Source Files</Filter>
    </ClCompile>
    <ClCompile Include="..\lib\gsl\cblas\zhpmv.c">
      <Filter>Source Files</Filter>
    </ClCompile>
    <ClCompile Include="..\lib\gsl\cblas\zhpr.c">
      <Filter>Source Files</Filter>
    </ClCompile>
    <ClCompile Include="..\lib\gsl\cblas\zhpr2.c">
      <Filter>Source Files</Filter>
    </ClCompile>
    <ClCompile Include="..\lib\gsl\cblas\zscal.c">
      <Filter>Source Files</Filter>
    </ClCompile>
    <ClCompile Include="..\lib\gsl\cblas\zswap.c">
      <Filter>Source Files</Filter>
    </ClCompile>
    <ClCompile Include="..\lib\gsl\cblas\zsymm.c">
      <Filter>Source Files</Filter>
    </ClCompile>
    <ClCompile Include="..\lib\gsl\cblas\zsyr2k.c">
      <Filter>Source Files</Filter>
    </ClCompile>
    <ClCompile Include="..\lib\gsl\cblas\zsyrk.c">
      <Filter>Source Files</Filter>
    </ClCompile>
    <ClCompile Include="..\lib\gsl\cblas\ztbmv.c">
      <Filter>Source Files</Filter>
    </ClCompile>
    <ClCompile Include="..\lib\gsl\cblas\ztbsv.c">
      <Filter>Source Files</Filter>
    </ClCompile>
    <ClCompile Include="..\lib\gsl\cblas\ztpmv.c">
      <Filter>Source Files</Filter>
    </ClCompile>
    <ClCompile Include="..\lib\gsl\cblas\ztpsv.c">
      <Filter>Source Files</Filter>
    </ClCompile>
    <ClCompile Include="..\lib\gsl\cblas\ztrmm.c">
      <Filter>Source Files</Filter>
    </ClCompile>
    <ClCompile Include="..\lib\gsl\cblas\ztrmv.c">
      <Filter>Source Files</Filter>
    </ClCompile>
    <ClCompile Include="..\lib\gsl\cblas\ztrsm.c">
      <Filter>Source Files</Filter>
    </ClCompile>
    <ClCompile Include="..\lib\gsl\cblas\ztrsv.c">
      <Filter>Source Files</Filter>
    </ClCompile>
    <ClCompile Include="..\lib\gsl\permutation\canonical.c">
      <Filter>Source Files</Filter>
    </ClCompile>
    <ClCompile Include="..\lib\gsl\permutation\file.c">
      <Filter>Source Files</Filter>
    </ClCompile>
    <ClCompile Include="..\lib\gsl\permutation\init.c">
      <Filter>Source Files</Filter>
    </ClCompile>
    <ClCompile Include="..\lib\gsl\permutation\permutation.c">
      <Filter>Source Files</Filter>
    </ClCompile>
    <ClCompile Include="..\lib\gsl\permutation\permute.c">
      <Filter>Source Files</Filter>
    </ClCompile>
    <ClCompile Include="..\lib\gsl\linalg\givens.h">
      <Filter>Header Files</Filter>
    </ClCompile>
    <ClCompile Include="..\lib\gsl\vector\vector_prop.c">
      <Filter>Source Files</Filter>
    </ClCompile>
  </ItemGroup>
  <ItemGroup>
    <Text Include="ReadMe.txt" />
  </ItemGroup>
  <ItemGroup>
    <ResourceCompile Include="app.rc">
      <Filter>Resource Files</Filter>
    </ResourceCompile>
  </ItemGroup>
  <ItemGroup>
    <Image Include="app.ico">
      <Filter>Resource Files</Filter>
    </Image>
  </ItemGroup>
  <ItemGroup>
    <None Include="..\lib\gsl\aclocal.m4" />
    <None Include="..\lib\gsl\AUTHORS" />
    <None Include="..\lib\gsl\BUGS" />
    <None Include="..\lib\gsl\COPYING" />
    <None Include="..\lib\gsl\gsl.m4" />
    <None Include="..\lib\gsl\gsl.pc.in" />
    <None Include="..\lib\gsl\gsl.spec.in" />
    <None Include="..\lib\gsl\gsl_version.h.in" />
    <None Include="..\lib\gsl\gsl-config.in" />
    <None Include="..\lib\gsl\INSTALL" />
    <None Include="..\lib\gsl\NEWS" />
    <None Include="..\lib\gsl\README" />
  </ItemGroup>
</Project>